
Microsoft Visual Studio Solution File, Format Version 12.00
# Visual Studio Version 16
VisualStudioVersion = 16.0.31727.386
MinimumVisualStudioVersion = 10.0.40219.1
Project("{FAE04EC0-301F-11D3-BF4B-00C04F79EFBC}") = "AspDotNetLab1", "AspDotNetLab1\AspDotNetLab1.csproj", "{1CDBCA92-D2A8-43BA-8324-AEDDEDAE1A79}"
EndProject
Global
	GlobalSection(SolutionConfigurationPlatforms) = preSolution
		Debug|Any CPU = Debug|Any CPU
		Release|Any CPU = Release|Any CPU
	EndGlobalSection
	GlobalSection(ProjectConfigurationPlatforms) = postSolution
		{1CDBCA92-D2A8-43BA-8324-AEDDEDAE1A79}.Debug|Any CPU.ActiveCfg = Debug|Any CPU
		{1CDBCA92-D2A8-43BA-8324-AEDDEDAE1A79}.Debug|Any CPU.Build.0 = Debug|Any CPU
		{1CDBCA92-D2A8-43BA-8324-AEDDEDAE1A79}.Release|Any CPU.ActiveCfg = Release|Any CPU
		{1CDBCA92-D2A8-43BA-8324-AEDDEDAE1A79}.Release|Any CPU.Build.0 = Release|Any CPU
	EndGlobalSection
	GlobalSection(SolutionProperties) = preSolution
		HideSolutionNode = FALSE
	EndGlobalSection
	GlobalSection(ExtensibilityGlobals) = postSolution
		SolutionGuid = {A0562C0D-D805-4F30-BAEA-554692A36EA1}
	EndGlobalSection
EndGlobal
